{
  "name": "fakkerni-icon-assets",
  "lockfileVersion": 3,
  "requires": true,
  "packages": {
    "": {
      "name": "fakkerni-icon-assets",
      "devDependencies": {
        "morphicons": "1.7.1"
      }
    },
    "node_modules/morphicons": {
      "version": "1.7.1",
      "resolved": "https://registry.npmjs.org/morphicons/-/morphicons-1.7.1.tgz",
      "integrity": "sha512-q5ylxy5/d7vBg0OAzanlooXf05PekovMYDuuQVpr6vAQZxl99lrJbaIi+jJ32PXQf9WEEaDO2pbNBsx1ZhEnFQ==",
      "dev": true,
      "license": "MIT",
      "peerDependencies": {
        "react": ">=18",
        "react-native": ">=0.71",
        "react-native-svg": ">=14",
        "svelte": ">=5",
        "vue": ">=3.3"
      },
      "peerDependenciesMeta": {
        "react": {
          "optional": true
        },
        "react-native": {
          "optional": true
        },
        "react-native-svg": {
          "optional": true
        },
        "svelte": {
          "optional": true
        },
        "vue": {
          "optional": true
        }
      }
    }
  }
}
